
Microsoft Visual Studio Solution File, Format Version 12.00
# Visual Studio 15
VisualStudioVersion = 15.0.27428.2043
MinimumVisualStudioVersion = 10.0.40219.1
Project("{FAE04EC0-301F-11D3-BF4B-00C04F79EFBC}") = "PetPooling.Android", "PetPooling\PetPooling.Android\PetPooling.Android.csproj", "{772A0C4D-0A04-428A-A79B-7FAB9CBFAABA}"
EndProject
Project("{FAE04EC0-301F-11D3-BF4B-00C04F79EFBC}") = "PetPooling.iOS", "PetPooling\PetPooling.iOS\PetPooling.iOS.csproj", "{85B08D25-1D85-4B80-9279-E148843078D0}"
EndProject
Project("{FAE04EC0-301F-11D3-BF4B-00C04F79EFBC}") = "PetPooling.UWP", "PetPooling\PetPooling.UWP\PetPooling.UWP.csproj", "{77CDE795-0523-4917-9245-4EAB70C58978}"
EndProject
Project("{FAE04EC0-301F-11D3-BF4B-00C04F79EFBC}") = "PetPooling", "PetPooling\PetPooling\PetPooling.csproj", "{46AF0119-1FED-4051-ABAF-E961671CA96C}"
EndProject
Global
	GlobalSection(SolutionConfigurationPlatforms) = preSolution
		Ad-Hoc|Any CPU = Ad-Hoc|Any CPU
		Ad-Hoc|ARM = Ad-Hoc|ARM
		Ad-Hoc|iPhone = Ad-Hoc|iPhone
		Ad-Hoc|iPhoneSimulator = Ad-Hoc|iPhoneSimulator
		Ad-Hoc|x64 = Ad-Hoc|x64
		Ad-Hoc|x86 = Ad-Hoc|x86
		AppStore|Any CPU = AppStore|Any CPU
		AppStore|ARM = AppStore|ARM
		AppStore|iPhone = AppStore|iPhone
		AppStore|iPhoneSimulator = AppStore|iPhoneSimulator
		AppStore|x64 = AppStore|x64
		AppStore|x86 = AppStore|x86
		Debug|Any CPU = Debug|Any CPU
		Debug|ARM = Debug|ARM
		Debug|iPhone = Debug|iPhone
		Debug|iPhoneSimulator = Debug|iPhoneSimulator
		Debug|x64 = Debug|x64
		Debug|x86 = Debug|x86
		Release|Any CPU = Release|Any CPU
		Release|ARM = Release|ARM
		Release|iPhone = Release|iPhone
		Release|iPhoneSimulator = Release|iPhoneSimulator
		Release|x64 = Release|x64
		Release|x86 = Release|x86
	EndGlobalSection
	GlobalSection(ProjectConfigurationPlatforms) = postSolution
		{772A0C4D-0A04-428A-A79B-7FAB9CBFAABA}.Ad-Hoc|Any CPU.ActiveCfg = Release|Any CPU
		{772A0C4D-0A04-428A-A79B-7FAB9CBFAABA}.Ad-Hoc|Any CPU.Build.0 = Release|Any CPU
		{772A0C4D-0A04-428A-A79B-7FAB9CBFAABA}.Ad-Hoc|Any CPU.Deploy.0 = Release|Any CPU
		{772A0C4D-0A04-428A-A79B-7FAB9CBFAABA}.Ad-Hoc|ARM.ActiveCfg = Release|Any CPU
		{772A0C4D-0A04-428A-A79B-7FAB9CBFAABA}.Ad-Hoc|ARM.Build.0 = Release|Any CPU
		{772A0C4D-0A04-428A-A79B-7FAB9CBFAABA}.Ad-Hoc|ARM.Deploy.0 = Release|Any CPU
		{772A0C4D-0A04-428A-A79B-7FAB9CBFAABA}.Ad-Hoc|iPhone.ActiveCfg = Release|Any CPU
		{772A0C4D-0A04-428A-A79B-7FAB9CBFAABA}.Ad-Hoc|iPhone.Build.0 = Release|Any CPU
		{772A0C4D-0A04-428A-A79B-7FAB9CBFAABA}.Ad-Hoc|iPhone.Deploy.0 = Release|Any CPU
		{772A0C4D-0A04-428A-A79B-7FAB9CBFAABA}.Ad-Hoc|iPhoneSimulator.ActiveCfg = Release|Any CPU
		{772A0C4D-0A04-428A-A79B-7FAB9CBFAABA}.Ad-Hoc|iPhoneSimulator.Build.0 = Release|Any CPU
		{772A0C4D-0A04-428A-A79B-7FAB9CBFAABA}.Ad-Hoc|iPhoneSimulator.Deploy.0 = Release|Any CPU
		{772A0C4D-0A04-428A-A79B-7FAB9CBFAABA}.Ad-Hoc|x64.ActiveCfg = Release|Any CPU
		{772A0C4D-0A04-428A-A79B-7FAB9CBFAABA}.Ad-Hoc|x64.Build.0 = Release|Any CPU
		{772A0C4D-0A04-428A-A79B-7FAB9CBFAABA}.Ad-Hoc|x64.Deploy.0 = Release|Any CPU
		{772A0C4D-0A04-428A-A79B-7FAB9CBFAABA}.Ad-Hoc|x86.ActiveCfg = Release|Any CPU
		{772A0C4D-0A04-428A-A79B-7FAB9CBFAABA}.Ad-Hoc|x86.Build.0 = Release|Any CPU
		{772A0C4D-0A04-428A-A79B-7FAB9CBFAABA}.Ad-Hoc|x86.Deploy.0 = Release|Any CPU
		{772A0C4D-0A04-428A-A79B-7FAB9CBFAABA}.AppStore|Any CPU.ActiveCfg = Release|Any CPU
		{772A0C4D-0A04-428A-A79B-7FAB9CBFAABA}.AppStore|Any CPU.Build.0 = Release|Any CPU
		{772A0C4D-0A04-428A-A79B-7FAB9CBFAABA}.AppStore|Any CPU.Deploy.0 = Release|Any CPU
		{772A0C4D-0A04-428A-A79B-7FAB9CBFAABA}.AppStore|ARM.ActiveCfg = Release|Any CPU
		{772A0C4D-0A04-428A-A79B-7FAB9CBFAABA}.AppStore|ARM.Build.0 = Release|Any CPU
		{772A0C4D-0A04-428A-A79B-7FAB9CBFAABA}.AppStore|ARM.Deploy.0 = Release|Any CPU
		{772A0C4D-0A04-428A-A79B-7FAB9CBFAABA}.AppStore|iPhone.ActiveCfg = Release|Any CPU
		{772A0C4D-0A04-428A-A79B-7FAB9CBFAABA}.AppStore|iPhone.Build.0 = Release|Any CPU
		{772A0C4D-0A04-428A-A79B-7FAB9CBFAABA}.AppStore|iPhone.Deploy.0 = Release|Any CPU
		{772A0C4D-0A04-428A-A79B-7FAB9CBFAABA}.AppStore|iPhoneSimulator.ActiveCfg = Release|Any CPU
		{772A0C4D-0A04-428A-A79B-7FAB9CBFAABA}.AppStore|iPhoneSimulator.Build.0 = Release|Any CPU
		{772A0C4D-0A04-428A-A79B-7FAB9CBFAABA}.AppStore|iPhoneSimulator.Deploy.0 = Release|Any CPU
		{772A0C4D-0A04-428A-A79B-7FAB9CBFAABA}.AppStore|x64.ActiveCfg = Release|Any CPU
		{772A0C4D-0A04-428A-A79B-7FAB9CBFAABA}.AppStore|x64.Build.0 = Release|Any CPU
		{772A0C4D-0A04-428A-A79B-7FAB9CBFAABA}.AppStore|x64.Deploy.0 = Release|Any CPU
		{772A0C4D-0A04-428A-A79B-7FAB9CBFAABA}.AppStore|x86.ActiveCfg = Release|Any CPU
		{772A0C4D-0A04-428A-A79B-7FAB9CBFAABA}.AppStore|x86.Build.0 = Release|Any CPU
		{772A0C4D-0A04-428A-A79B-7FAB9CBFAABA}.AppStore|x86.Deploy.0 = Release|Any CPU
		{772A0C4D-0A04-428A-A79B-7FAB9CBFAABA}.Debug|Any CPU.ActiveCfg = Debug|Any CPU
		{772A0C4D-0A04-428A-A79B-7FAB9CBFAABA}.Debug|Any CPU.Build.0 = Debug|Any CPU
		{772A0C4D-0A04-428A-A79B-7FAB9CBFAABA}.Debug|Any CPU.Deploy.0 = Debug|Any CPU
		{772A0C4D-0A04-428A-A79B-7FAB9CBFAABA}.Debug|ARM.ActiveCfg = Debug|Any CPU
		{772A0C4D-0A04-428A-A79B-7FAB9CBFAABA}.Debug|ARM.Build.0 = Debug|Any CPU
		{772A0C4D-0A04-428A-A79B-7FAB9CBFAABA}.Debug|ARM.Deploy.0 = Debug|Any CPU
		{772A0C4D-0A04-428A-A79B-7FAB9CBFAABA}.Debug|iPhone.ActiveCfg = Debug|Any CPU
		{772A0C4D-0A04-428A-A79B-7FAB9CBFAABA}.Debug|iPhone.Build.0 = Debug|Any CPU
		{772A0C4D-0A04-428A-A79B-7FAB9CBFAABA}.Debug|iPhone.Deploy.0 = Debug|Any CPU
		{772A0C4D-0A04-428A-A79B-7FAB9CBFAABA}.Debug|iPhoneSimulator.ActiveCfg = Debug|Any CPU
		{772A0C4D-0A04-428A-A79B-7FAB9CBFAABA}.Debug|iPhoneSimulator.Build.0 = Debug|Any CPU
		{772A0C4D-0A04-428A-A79B-7FAB9CBFAABA}.Debug|iPhoneSimulator.Deploy.0 = Debug|Any CPU
		{772A0C4D-0A04-428A-A79B-7FAB9CBFAABA}.Debug|x64.ActiveCfg = Debug|Any CPU
		{772A0C4D-0A04-428A-A79B-7FAB9CBFAABA}.Debug|x64.Build.0 = Debug|Any CPU
		{772A0C4D-0A04-428A-A79B-7FAB9CBFAABA}.Debug|x64.Deploy.0 = Debug|Any CPU
		{772A0C4D-0A04-428A-A79B-7FAB9CBFAABA}.Debug|x86.ActiveCfg = Debug|Any CPU
		{772A0C4D-0A04-428A-A79B-7FAB9CBFAABA}.Debug|x86.Build.0 = Debug|Any CPU
		{772A0C4D-0A04-428A-A79B-7FAB9CBFAABA}.Debug|x86.Deploy.0 = Debug|Any CPU
		{772A0C4D-0A04-428A-A79B-7FAB9CBFAABA}.Release|Any CPU.ActiveCfg = Release|Any CPU
		{772A0C4D-0A04-428A-A79B-7FAB9CBFAABA}.Release|Any CPU.Build.0 = Release|Any CPU
		{772A0C4D-0A04-428A-A79B-7FAB9CBFAABA}.Release|Any CPU.Deploy.0 = Release|Any CPU
		{772A0C4D-0A04-428A-A79B-7FAB9CBFAABA}.Release|ARM.ActiveCfg = Release|Any CPU
		{772A0C4D-0A04-428A-A79B-7FAB9CBFAABA}.Release|ARM.Build.0 = Release|Any CPU
		{772A0C4D-0A04-428A-A79B-7FAB9CBFAABA}.Release|ARM.Deploy.0 = Release|Any CPU
		{772A0C4D-0A04-428A-A79B-7FAB9CBFAABA}.Release|iPhone.ActiveCfg = Release|Any CPU
		{772A0C4D-0A04-428A-A79B-7FAB9CBFAABA}.Release|iPhone.Build.0 = Release|Any CPU
		{772A0C4D-0A04-428A-A79B-7FAB9CBFAABA}.Release|iPhone.Deploy.0 = Release|Any CPU
		{772A0C4D-0A04-428A-A79B-7FAB9CBFAABA}.Release|iPhoneSimulator.ActiveCfg = Release|Any CPU
		{772A0C4D-0A04-428A-A79B-7FAB9CBFAABA}.Release|iPhoneSimulator.Build.0 = Release|Any CPU
		{772A0C4D-0A04-428A-A79B-7FAB9CBFAABA}.Release|iPhoneSimulator.Deploy.0 = Release|Any CPU
		{772A0C4D-0A04-428A-A79B-7FAB9CBFAABA}.Release|x64.ActiveCfg = Release|Any CPU
		{772A0C4D-0A04-428A-A79B-7FAB9CBFAABA}.Release|x64.Build.0 = Release|Any CPU
		{772A0C4D-0A04-428A-A79B-7FAB9CBFAABA}.Release|x64.Deploy.0 = Release|Any CPU
		{772A0C4D-0A04-428A-A79B-7FAB9CBFAABA}.Release|x86.ActiveCfg = Release|Any CPU
		{772A0C4D-0A04-428A-A79B-7FAB9CBFAABA}.Release|x86.Build.0 = Release|Any CPU
		{772A0C4D-0A04-428A-A79B-7FAB9CBFAABA}.Release|x86.Deploy.0 = Release|Any CPU
		{85B08D25-1D85-4B80-9279-E148843078D0}.Ad-Hoc|Any CPU.ActiveCfg = Ad-Hoc|iPhone
		{85B08D25-1D85-4B80-9279-E148843078D0}.Ad-Hoc|ARM.ActiveCfg = Ad-Hoc|iPhone
		{85B08D25-1D85-4B80-9279-E148843078D0}.Ad-Hoc|iPhone.ActiveCfg = Ad-Hoc|iPhone
		{85B08D25-1D85-4B80-9279-E148843078D0}.Ad-Hoc|iPhone.Build.0 = Ad-Hoc|iPhone
		{85B08D25-1D85-4B80-9279-E148843078D0}.Ad-Hoc|iPhoneSimulator.ActiveCfg = Ad-Hoc|iPhoneSimulator
		{85B08D25-1D85-4B80-9279-E148843078D0}.Ad-Hoc|iPhoneSimulator.Build.0 = Ad-Hoc|iPhoneSimulator
		{85B08D25-1D85-4B80-9279-E148843078D0}.Ad-Hoc|x64.ActiveCfg = Ad-Hoc|iPhone
		{85B08D25-1D85-4B80-9279-E148843078D0}.Ad-Hoc|x86.ActiveCfg = Ad-Hoc|iPhone
		{85B08D25-1D85-4B80-9279-E148843078D0}.AppStore|Any CPU.ActiveCfg = AppStore|iPhone
		{85B08D25-1D85-4B80-9279-E148843078D0}.AppStore|ARM.ActiveCfg = AppStore|iPhone
		{85B08D25-1D85-4B80-9279-E148843078D0}.AppStore|iPhone.ActiveCfg = AppStore|iPhone
		{85B08D25-1D85-4B80-9279-E148843078D0}.AppStore|iPhone.Build.0 = AppStore|iPhone
		{85B08D25-1D85-4B80-9279-E148843078D0}.AppStore|iPhoneSimulator.ActiveCfg = AppStore|iPhoneSimulator
		{85B08D25-1D85-4B80-9279-E148843078D0}.AppStore|iPhoneSimulator.Build.0 = AppStore|iPhoneSimulator
		{85B08D25-1D85-4B80-9279-E148843078D0}.AppStore|x64.ActiveCfg = AppStore|iPhone
		{85B08D25-1D85-4B80-9279-E148843078D0}.AppStore|x86.ActiveCfg = AppStore|iPhone
		{85B08D25-1D85-4B80-9279-E148843078D0}.Debug|Any CPU.ActiveCfg = Debug|iPhone
		{85B08D25-1D85-4B80-9279-E148843078D0}.Debug|ARM.ActiveCfg = Debug|iPhone
		{85B08D25-1D85-4B80-9279-E148843078D0}.Debug|iPhone.ActiveCfg = Debug|iPhone
		{85B08D25-1D85-4B80-9279-E148843078D0}.Debug|iPhone.Build.0 = Debug|iPhone
		{85B08D25-1D85-4B80-9279-E148843078D0}.Debug|iPhoneSimulator.ActiveCfg = Debug|iPhoneSimulator
		{85B08D25-1D85-4B80-9279-E148843078D0}.Debug|iPhoneSimulator.Build.0 = Debug|iPhoneSimulator
		{85B08D25-1D85-4B80-9279-E148843078D0}.Debug|x64.ActiveCfg = Debug|iPhone
		{85B08D25-1D85-4B80-9279-E148843078D0}.Debug|x86.ActiveCfg = Debug|iPhone
		{85B08D25-1D85-4B80-9279-E148843078D0}.Release|Any CPU.ActiveCfg = Release|iPhone
		{85B08D25-1D85-4B80-9279-E148843078D0}.Release|ARM.ActiveCfg = Release|iPhone
		{85B08D25-1D85-4B80-9279-E148843078D0}.Release|iPhone.ActiveCfg = Release|iPhone
		{85B08D25-1D85-4B80-9279-E148843078D0}.Release|iPhone.Build.0 = Release|iPhone
		{85B08D25-1D85-4B80-9279-E148843078D0}.Release|iPhoneSimulator.ActiveCfg = Release|iPhoneSimulator
		{85B08D25-1D85-4B80-9279-E148843078D0}.Release|iPhoneSimulator.Build.0 = Release|iPhoneSimulator
		{85B08D25-1D85-4B80-9279-E148843078D0}.Release|x64.ActiveCfg = Release|iPhone
		{85B08D25-1D85-4B80-9279-E148843078D0}.Release|x86.ActiveCfg = Release|iPhone
		{77CDE795-0523-4917-9245-4EAB70C58978}.Ad-Hoc|Any CPU.ActiveCfg = Release|x86
		{77CDE795-0523-4917-9245-4EAB70C58978}.Ad-Hoc|Any CPU.Build.0 = Release|x86
		{77CDE795-0523-4917-9245-4EAB70C58978}.Ad-Hoc|Any CPU.Deploy.0 = Release|x86
		{77CDE795-0523-4917-9245-4EAB70C58978}.Ad-Hoc|ARM.ActiveCfg = Release|ARM
		{77CDE795-0523-4917-9245-4EAB70C58978}.Ad-Hoc|ARM.Build.0 = Release|ARM
		{77CDE795-0523-4917-9245-4EAB70C58978}.Ad-Hoc|ARM.Deploy.0 = Release|ARM
		{77CDE795-0523-4917-9245-4EAB70C58978}.Ad-Hoc|iPhone.ActiveCfg = Release|x86
		{77CDE795-0523-4917-9245-4EAB70C58978}.Ad-Hoc|iPhone.Build.0 = Release|x86
		{77CDE795-0523-4917-9245-4EAB70C58978}.Ad-Hoc|iPhone.Deploy.0 = Release|x86
		{77CDE795-0523-4917-9245-4EAB70C58978}.Ad-Hoc|iPhoneSimulator.ActiveCfg = Release|x86
		{77CDE795-0523-4917-9245-4EAB70C58978}.Ad-Hoc|iPhoneSimulator.Build.0 = Release|x86
		{77CDE795-0523-4917-9245-4EAB70C58978}.Ad-Hoc|iPhoneSimulator.Deploy.0 = Release|x86
		{77CDE795-0523-4917-9245-4EAB70C58978}.Ad-Hoc|x64.ActiveCfg = Release|x64
		{77CDE795-0523-4917-9245-4EAB70C58978}.Ad-Hoc|x64.Build.0 = Release|x64
		{77CDE795-0523-4917-9245-4EAB70C58978}.Ad-Hoc|x64.Deploy.0 = Release|x64
		{77CDE795-0523-4917-9245-4EAB70C58978}.Ad-Hoc|x86.ActiveCfg = Release|x86
		{77CDE795-0523-4917-9245-4EAB70C58978}.Ad-Hoc|x86.Build.0 = Release|x86
		{77CDE795-0523-4917-9245-4EAB70C58978}.Ad-Hoc|x86.Deploy.0 = Release|x86
		{77CDE795-0523-4917-9245-4EAB70C58978}.AppStore|Any CPU.ActiveCfg = Release|x86
		{77CDE795-0523-4917-9245-4EAB70C58978}.AppStore|Any CPU.Build.0 = Release|x86
		{77CDE795-0523-4917-9245-4EAB70C58978}.AppStore|Any CPU.Deploy.0 = Release|x86
		{77CDE795-0523-4917-9245-4EAB70C58978}.AppStore|ARM.ActiveCfg = Release|ARM
		{77CDE795-0523-4917-9245-4EAB70C58978}.AppStore|ARM.Build.0 = Release|ARM
		{77CDE795-0523-4917-9245-4EAB70C58978}.AppStore|ARM.Deploy.0 = Release|ARM
		{77CDE795-0523-4917-9245-4EAB70C58978}.AppStore|iPhone.ActiveCfg = Release|x86
		{77CDE795-0523-4917-9245-4EAB70C58978}.AppStore|iPhone.Build.0 = Release|x86
		{77CDE795-0523-4917-9245-4EAB70C58978}.AppStore|iPhone.Deploy.0 = Release|x86
		{77CDE795-0523-4917-9245-4EAB70C58978}.AppStore|iPhoneSimulator.ActiveCfg = Release|x86
		{77CDE795-0523-4917-9245-4EAB70C58978}.AppStore|iPhoneSimulator.Build.0 = Release|x86
		{77CDE795-0523-4917-9245-4EAB70C58978}.AppStore|iPhoneSimulator.Deploy.0 = Release|x86
		{77CDE795-0523-4917-9245-4EAB70C58978}.AppStore|x64.ActiveCfg = Release|x64
		{77CDE795-0523-4917-9245-4EAB70C58978}.AppStore|x64.Build.0 = Release|x64
		{77CDE795-0523-4917-9245-4EAB70C58978}.AppStore|x64.Deploy.0 = Release|x64
		{77CDE795-0523-4917-9245-4EAB70C58978}.AppStore|x86.ActiveCfg = Release|x86
		{77CDE795-0523-4917-9245-4EAB70C58978}.AppStore|x86.Build.0 = Release|x86
		{77CDE795-0523-4917-9245-4EAB70C58978}.AppStore|x86.Deploy.0 = Release|x86
		{77CDE795-0523-4917-9245-4EAB70C58978}.Debug|Any CPU.ActiveCfg = Debug|x86
		{77CDE795-0523-4917-9245-4EAB70C58978}.Debug|ARM.ActiveCfg = Debug|ARM
		{77CDE795-0523-4917-9245-4EAB70C58978}.Debug|ARM.Build.0 = Debug|ARM
		{77CDE795-0523-4917-9245-4EAB70C58978}.Debug|ARM.Deploy.0 = Debug|ARM
		{77CDE795-0523-4917-9245-4EAB70C58978}.Debug|iPhone.ActiveCfg = Debug|x86
		{77CDE795-0523-4917-9245-4EAB70C58978}.Debug|iPhoneSimulator.ActiveCfg = Debug|x86
		{77CDE795-0523-4917-9245-4EAB70C58978}.Debug|x64.ActiveCfg = Debug|x64
		{77CDE795-0523-4917-9245-4EAB70C58978}.Debug|x64.Build.0 = Debug|x64
		{77CDE795-0523-4917-9245-4EAB70C58978}.Debug|x64.Deploy.0 = Debug|x64
		{77CDE795-0523-4917-9245-4EAB70C58978}.Debug|x86.ActiveCfg = Debug|x86
		{77CDE795-0523-4917-9245-4EAB70C58978}.Debug|x86.Build.0 = Debug|x86
		{77CDE795-0523-4917-9245-4EAB70C58978}.Debug|x86.Deploy.0 = Debug|x86
		{77CDE795-0523-4917-9245-4EAB70C58978}.Release|Any CPU.ActiveCfg = Release|x86
		{77CDE795-0523-4917-9245-4EAB70C58978}.Release|ARM.ActiveCfg = Release|ARM
		{77CDE795-0523-4917-9245-4EAB70C58978}.Release|ARM.Build.0 = Release|ARM
		{77CDE795-0523-4917-9245-4EAB70C58978}.Release|ARM.Deploy.0 = Release|ARM
		{77CDE795-0523-4917-9245-4EAB70C58978}.Release|iPhone.ActiveCfg = Release|x86
		{77CDE795-0523-4917-9245-4EAB70C58978}.Release|iPhoneSimulator.ActiveCfg = Release|x86
		{77CDE795-0523-4917-9245-4EAB70C58978}.Release|x64.ActiveCfg = Release|x64
		{77CDE795-0523-4917-9245-4EAB70C58978}.Release|x64.Build.0 = Release|x64
		{77CDE795-0523-4917-9245-4EAB70C58978}.Release|x64.Deploy.0 = Release|x64
		{77CDE795-0523-4917-9245-4EAB70C58978}.Release|x86.ActiveCfg = Release|x86
		{77CDE795-0523-4917-9245-4EAB70C58978}.Release|x86.Build.0 = Release|x86
		{77CDE795-0523-4917-9245-4EAB70C58978}.Release|x86.Deploy.0 = Release|x86
		{46AF0119-1FED-4051-ABAF-E961671CA96C}.Ad-Hoc|Any CPU.ActiveCfg = Debug|Any CPU
		{46AF0119-1FED-4051-ABAF-E961671CA96C}.Ad-Hoc|Any CPU.Build.0 = Debug|Any CPU
		{46AF0119-1FED-4051-ABAF-E961671CA96C}.Ad-Hoc|ARM.ActiveCfg = Debug|Any CPU
		{46AF0119-1FED-4051-ABAF-E961671CA96C}.Ad-Hoc|ARM.Build.0 = Debug|Any CPU
		{46AF0119-1FED-4051-ABAF-E961671CA96C}.Ad-Hoc|iPhone.ActiveCfg = Debug|Any CPU
		{46AF0119-1FED-4051-ABAF-E961671CA96C}.Ad-Hoc|iPhone.Build.0 = Debug|Any CPU
		{46AF0119-1FED-4051-ABAF-E961671CA96C}.Ad-Hoc|iPhoneSimulator.ActiveCfg = Debug|Any CPU
		{46AF0119-1FED-4051-ABAF-E961671CA96C}.Ad-Hoc|iPhoneSimulator.Build.0 = Debug|Any CPU
		{46AF0119-1FED-4051-ABAF-E961671CA96C}.Ad-Hoc|x64.ActiveCfg = Debug|Any CPU
		{46AF0119-1FED-4051-ABAF-E961671CA96C}.Ad-Hoc|x64.Build.0 = Debug|Any CPU
		{46AF0119-1FED-4051-ABAF-E961671CA96C}.Ad-Hoc|x86.ActiveCfg = Debug|Any CPU
		{46AF0119-1FED-4051-ABAF-E961671CA96C}.Ad-Hoc|x86.Build.0 = Debug|Any CPU
		{46AF0119-1FED-4051-ABAF-E961671CA96C}.AppStore|Any CPU.ActiveCfg = Debug|Any CPU
		{46AF0119-1FED-4051-ABAF-E961671CA96C}.AppStore|Any CPU.Build.0 = Debug|Any CPU
		{46AF0119-1FED-4051-ABAF-E961671CA96C}.AppStore|ARM.ActiveCfg = Debug|Any CPU
		{46AF0119-1FED-4051-ABAF-E961671CA96C}.AppStore|ARM.Build.0 = Debug|Any CPU
		{46AF0119-1FED-4051-ABAF-E961671CA96C}.AppStore|iPhone.ActiveCfg = Debug|Any CPU
		{46AF0119-1FED-4051-ABAF-E961671CA96C}.AppStore|iPhone.Build.0 = Debug|Any CPU
		{46AF0119-1FED-4051-ABAF-E961671CA96C}.AppStore|iPhoneSimulator.ActiveCfg = Debug|Any CPU
		{46AF0119-1FED-4051-ABAF-E961671CA96C}.AppStore|iPhoneSimulator.Build.0 = Debug|Any CPU
		{46AF0119-1FED-4051-ABAF-E961671CA96C}.AppStore|x64.ActiveCfg = Debug|Any CPU
		{46AF0119-1FED-4051-ABAF-E961671CA96C}.AppStore|x64.Build.0 = Debug|Any CPU
		{46AF0119-1FED-4051-ABAF-E961671CA96C}.AppStore|x86.ActiveCfg = Debug|Any CPU
		{46AF0119-1FED-4051-ABAF-E961671CA96C}.AppStore|x86.Build.0 = Debug|Any CPU
		{46AF0119-1FED-4051-ABAF-E961671CA96C}.Debug|Any CPU.ActiveCfg = Debug|Any CPU
		{46AF0119-1FED-4051-ABAF-E961671CA96C}.Debug|Any CPU.Build.0 = Debug|Any CPU
		{46AF0119-1FED-4051-ABAF-E961671CA96C}.Debug|ARM.ActiveCfg = Debug|Any CPU
		{46AF0119-1FED-4051-ABAF-E961671CA96C}.Debug|ARM.Build.0 = Debug|Any CPU
		{46AF0119-1FED-4051-ABAF-E961671CA96C}.Debug|iPhone.ActiveCfg = Debug|Any CPU
		{46AF0119-1FED-4051-ABAF-E961671CA96C}.Debug|iPhone.Build.0 = Debug|Any CPU
		{46AF0119-1FED-4051-ABAF-E961671CA96C}.Debug|iPhoneSimulator.ActiveCfg = Debug|Any CPU
		{46AF0119-1FED-4051-ABAF-E961671CA96C}.Debug|iPhoneSimulator.Build.0 = Debug|Any CPU
		{46AF0119-1FED-4051-ABAF-E961671CA96C}.Debug|x64.ActiveCfg = Debug|Any CPU
		{46AF0119-1FED-4051-ABAF-E961671CA96C}.Debug|x64.Build.0 = Debug|Any CPU
		{46AF0119-1FED-4051-ABAF-E961671CA96C}.Debug|x86.ActiveCfg = Debug|Any CPU
		{46AF0119-1FED-4051-ABAF-E961671CA96C}.Debug|x86.Build.0 = Debug|Any CPU
		{46AF0119-1FED-4051-ABAF-E961671CA96C}.Release|Any CPU.ActiveCfg = Release|Any CPU
		{46AF0119-1FED-4051-ABAF-E961671CA96C}.Release|Any CPU.Build.0 = Release|Any CPU
		{46AF0119-1FED-4051-ABAF-E961671CA96C}.Release|ARM.ActiveCfg = Release|Any CPU
		{46AF0119-1FED-4051-ABAF-E961671CA96C}.Release|ARM.Build.0 = Release|Any CPU
		{46AF0119-1FED-4051-ABAF-E961671CA96C}.Release|iPhone.ActiveCfg = Release|Any CPU
		{46AF0119-1FED-4051-ABAF-E961671CA96C}.Release|iPhone.Build.0 = Release|Any CPU
		{46AF0119-1FED-4051-ABAF-E961671CA96C}.Release|iPhoneSimulator.ActiveCfg = Release|Any CPU
		{46AF0119-1FED-4051-ABAF-E961671CA96C}.Release|iPhoneSimulator.Build.0 = Release|Any CPU
		{46AF0119-1FED-4051-ABAF-E961671CA96C}.Release|x64.ActiveCfg = Release|Any CPU
		{46AF0119-1FED-4051-ABAF-E961671CA96C}.Release|x64.Build.0 = Release|Any CPU
		{46AF0119-1FED-4051-ABAF-E961671CA96C}.Release|x86.ActiveCfg = Release|Any CPU
		{46AF0119-1FED-4051-ABAF-E961671CA96C}.Release|x86.Build.0 = Release|Any CPU
	EndGlobalSection
	GlobalSection(SolutionProperties) = preSolution
		HideSolutionNode = FALSE
	EndGlobalSection
	GlobalSection(ExtensibilityGlobals) = postSolution
		SolutionGuid = {2B60DF76-FB1F-4306-B46F-EA7632706722}
	EndGlobalSection
EndGlobal
